
Microsoft Visual Studio Solution File, Format Version 12.00
# Visual Studio 15
VisualStudioVersion = 15.0.28307.489
MinimumVisualStudioVersion = 10.0.40219.1
Project("{8BC9CEB8-8B4A-11D0-8D11-00A0C91BC942}") = "inblock_allocator", "inblock_allocator\inblock_allocator.vcxproj", "{BDD6F09C-320F-4C24-9455-A1B349E81780}"
EndProject
Global
	GlobalSection(SolutionConfigurationPlatforms) = preSolution
		Debug|x64 = Debug|x64
		Debug|x86 = Debug|x86
		Release|x64 = Release|x64
		Release|x86 = Release|x86
	EndGlobalSection
	GlobalSection(ProjectConfigurationPlatforms) = postSolution
		{BDD6F09C-320F-4C24-9455-A1B349E81780}.Debug|x64.ActiveCfg = Debug|x64
		{BDD6F09C-320F-4C24-9455-A1B349E81780}.Debug|x64.Build.0 = Debug|x64
		{BDD6F09C-320F-4C24-9455-A1B349E81780}.Debug|x86.ActiveCfg = Debug|Win32
		{BDD6F09C-320F-4C24-9455-A1B349E81780}.Debug|x86.Build.0 = Debug|Win32
		{BDD6F09C-320F-4C24-9455-A1B349E81780}.Release|x64.ActiveCfg = Release|x64
		{BDD6F09C-320F-4C24-9455-A1B349E81780}.Release|x64.Build.0 = Release|x64
		{BDD6F09C-320F-4C24-9455-A1B349E81780}.Release|x86.ActiveCfg = Release|Win32
		{BDD6F09C-320F-4C24-9455-A1B349E81780}.Release|x86.Build.0 = Release|Win32
	EndGlobalSection
	GlobalSection(SolutionProperties) = preSolution
		HideSolutionNode = FALSE
	EndGlobalSection
	GlobalSection(ExtensibilityGlobals) = postSolution
		SolutionGuid = {112B46C6-010B-43DA-8C75-667AF932D6B9}
	EndGlobalSection
EndGlobal
